
Microsoft Visual Studio Solution File, Format Version 12.00
# Visual Studio Version 17
VisualStudioVersion = 17.7.34024.191
MinimumVisualStudioVersion = 10.0.40219.1
Project("{9A19103F-16F7-4668-BE54-9A1E7A4F7556}") = "CSharpFeatures", "CSharpFeatures\CSharpFeatures.csproj", "{250D54D7-EAFA-438F-8446-78C9AC455B69}"
EndProject
Project("{9A19103F-16F7-4668-BE54-9A1E7A4F7556}") = "CSharp-9", "CSharp-9\CSharp-9.csproj", "{B3F2033D-BA86-420E-89DD-A338E310A8FE}"
EndProject
Global
	GlobalSection(SolutionConfigurationPlatforms) = preSolution
		Debug|Any CPU = Debug|Any CPU
		Release|Any CPU = Release|Any CPU
	EndGlobalSection
	GlobalSection(ProjectConfigurationPlatforms) = postSolution
		{250D54D7-EAFA-438F-8446-78C9AC455B69}.Debug|Any CPU.ActiveCfg = Debug|Any CPU
		{250D54D7-EAFA-438F-8446-78C9AC455B69}.Debug|Any CPU.Build.0 = Debug|Any CPU
		{250D54D7-EAFA-438F-8446-78C9AC455B69}.Release|Any CPU.ActiveCfg = Release|Any CPU
		{250D54D7-EAFA-438F-8446-78C9AC455B69}.Release|Any CPU.Build.0 = Release|Any CPU
		{B3F2033D-BA86-420E-89DD-A338E310A8FE}.Debug|Any CPU.ActiveCfg = Debug|Any CPU
		{B3F2033D-BA86-420E-89DD-A338E310A8FE}.Debug|Any CPU.Build.0 = Debug|Any CPU
		{B3F2033D-BA86-420E-89DD-A338E310A8FE}.Release|Any CPU.ActiveCfg = Release|Any CPU
		{B3F2033D-BA86-420E-89DD-A338E310A8FE}.Release|Any CPU.Build.0 = Release|Any CPU
	EndGlobalSection
	GlobalSection(SolutionProperties) = preSolution
		HideSolutionNode = FALSE
	EndGlobalSection
	GlobalSection(ExtensibilityGlobals) = postSolution
		SolutionGuid = {EA044A4B-653A-4F3F-9FFB-558D44C39705}
	EndGlobalSection
EndGlobal
